
Microsoft Visual Studio Solution File, Format Version 12.00
# Visual Studio Version 17
VisualStudioVersion = 17.2.32616.157
MinimumVisualStudioVersion = 10.0.40219.1
Project("{FAE04EC0-301F-11D3-BF4B-00C04F79EFBC}") = "FactoryPatternExcersize2", "FactoryPatternExcersize2\FactoryPatternExcersize2.csproj", "{04EB21DC-B96C-4C64-93D2-2A34DE0E2E9C}"
EndProject
Global
	GlobalSection(SolutionConfigurationPlatforms) = preSolution
		Debug|Any CPU = Debug|Any CPU
		Release|Any CPU = Release|Any CPU
	EndGlobalSection
	GlobalSection(ProjectConfigurationPlatforms) = postSolution
		{04EB21DC-B96C-4C64-93D2-2A34DE0E2E9C}.Debug|Any CPU.ActiveCfg = Debug|Any CPU
		{04EB21DC-B96C-4C64-93D2-2A34DE0E2E9C}.Debug|Any CPU.Build.0 = Debug|Any CPU
		{04EB21DC-B96C-4C64-93D2-2A34DE0E2E9C}.Release|Any CPU.ActiveCfg = Release|Any CPU
		{04EB21DC-B96C-4C64-93D2-2A34DE0E2E9C}.Release|Any CPU.Build.0 = Release|Any CPU
	EndGlobalSection
	GlobalSection(SolutionProperties) = preSolution
		HideSolutionNode = FALSE
	EndGlobalSection
	GlobalSection(ExtensibilityGlobals) = postSolution
		SolutionGuid = {A43BB37F-BB32-4EBD-A9FC-84665EAE2B1A}
	EndGlobalSection
EndGlobal
